
Microsoft Visual Studio Solution File, Format Version 12.00
# Visual Studio Version 17
VisualStudioVersion = 17.0.32014.148
MinimumVisualStudioVersion = 10.0.40219.1
Project("{2150E333-8FDC-42A3-9474-1A3956D46DE8}") = "0 - Utils", "0 - Utils", "{34A37C67-A335-450A-8231-071A48799905}"
EndProject
Project("{2150E333-8FDC-42A3-9474-1A3956D46DE8}") = "1 - Apps", "1 - Apps", "{C6029A1F-C820-45ED-B4E1-59B8808258D7}"
EndProject
Project("{2150E333-8FDC-42A3-9474-1A3956D46DE8}") = "2 - Gateways", "2 - Gateways", "{22496F7D-7974-4B9B-8647-1CFB37C22D59}"
EndProject
Project("{2150E333-8FDC-42A3-9474-1A3956D46DE8}") = "Desktop", "Desktop", "{3EAB6F7E-851D-4D41-BC4A-D810CD7CCB0F}"
EndProject
Project("{9A19103F-16F7-4668-BE54-9A1E7A4F7556}") = "BFDesk.Components.Api.Clamps.Abstractions", "Gateways\Desktop\Api.Clamps.Abstractions\BFDesk.Components.Api.Clamps.Abstractions.csproj", "{2D170B79-E60E-4192-9404-7EDD67893AEC}"
EndProject
Project("{2150E333-8FDC-42A3-9474-1A3956D46DE8}") = "Abstractions", "Abstractions", "{D7540880-594B-4AC3-93BA-2D6C87B2926F}"
EndProject
Project("{9A19103F-16F7-4668-BE54-9A1E7A4F7556}") = "BFDesk.Components.Api.Insulations.Abstractions", "Gateways\Desktop\Api.Insulations.Abstractions\BFDesk.Components.Api.Insulations.Abstractions.csproj", "{2AA2CE9C-37EA-42F6-AB64-52E80014AC70}"
EndProject
Project("{9A19103F-16F7-4668-BE54-9A1E7A4F7556}") = "BFDesk.Components.Api.Cores.Abstractions", "Gateways\Desktop\Api.Cores.Abstractions\BFDesk.Components.Api.Cores.Abstractions.csproj", "{19D16A0F-6F01-426D-81C6-03A910C90B41}"
EndProject
Project("{9A19103F-16F7-4668-BE54-9A1E7A4F7556}") = "BFDesk.Components.Api.Core", "Gateways\Desktop\Api.Core\BFDesk.Components.Api.Core.csproj", "{1BEED0E2-6373-4ED9-BA6F-1303048EF2A8}"
EndProject
Project("{9A19103F-16F7-4668-BE54-9A1E7A4F7556}") = "BFDesk.Components.Api", "Gateways\Desktop\Api\BFDesk.Components.Api.csproj", "{15101C67-0891-4AFF-96AE-2B62810B7279}"
EndProject
Project("{9A19103F-16F7-4668-BE54-9A1E7A4F7556}") = "BFDesk.Components.Api.Combo.Abstractions", "Gateways\Desktop\Api.Combo.Abstractions\BFDesk.Components.Api.Combo.Abstractions.csproj", "{5706E4DA-C191-420A-928C-A8591CAB8820}"
EndProject
Project("{9A19103F-16F7-4668-BE54-9A1E7A4F7556}") = "BFDesk.Components.Api.InspectionCMS.Abstractions", "Gateways\Desktop\Api.InspectionCMS.Abstractions\BFDesk.Components.Api.InspectionCMS.Abstractions.csproj", "{AC0191C4-2CA9-4429-BF75-7C713C7762A7}"
EndProject
Project("{2150E333-8FDC-42A3-9474-1A3956D46DE8}") = "5 - Clamps (Herrajes)", "5 - Clamps (Herrajes)", "{AF4F0A3A-C4AD-4E80-85D4-5228AF89661D}"
EndProject
Project("{2150E333-8FDC-42A3-9474-1A3956D46DE8}") = "Industrial", "Industrial", "{8320DD14-DE98-40BC-8B43-A6F7761C091A}"
EndProject
Project("{2150E333-8FDC-42A3-9474-1A3956D46DE8}") = "Residential", "Residential", "{C056B5D8-782B-437A-A733-578616BEC2AD}"
EndProject
Project("{2150E333-8FDC-42A3-9474-1A3956D46DE8}") = "2 - Testing (Pruebas)", "2 - Testing (Pruebas)", "{3744B81E-795B-40FD-B9FA-BE7B4C4ED32C}"
EndProject
Project("{2150E333-8FDC-42A3-9474-1A3956D46DE8}") = "4 - Supply (Suministro)", "4 - Supply (Suministro)", "{7CF05A3C-2DA2-4102-8CC3-C267CEF483B0}"
EndProject
Project("{9A19103F-16F7-4668-BE54-9A1E7A4F7556}") = "Cores.Testing.Industrial.Shared", "Cores\Cores.Testing.Industrial.Shared\Cores.Testing.Industrial.Shared.csproj", "{AEBA5FF0-FAB6-4D46-928B-96B7CEAD61BB}"
EndProject
Project("{9A19103F-16F7-4668-BE54-9A1E7A4F7556}") = "Cores.Storing.Industrial.Forms", "Cores\Cores.Store.Industrial.Forms\Cores.Storing.Industrial.Forms.csproj", "{C9D57CD0-237F-4551-B1D0-31F0559B7167}"
EndProject
Project("{9A19103F-16F7-4668-BE54-9A1E7A4F7556}") = "Cores.Testing.Industrial.Forms", "Cores\Cores.Testing.Industrial.Forms\Cores.Testing.Industrial.Forms.csproj", "{5AEE383C-E622-417C-B8E7-B5798A86D00F}"
EndProject
Project("{2150E333-8FDC-42A3-9474-1A3956D46DE8}") = "0 - Settings.Api", "0 - Settings.Api", "{79C5DD39-59AF-4666-8A2E-E036D2D468BE}"
EndProject
Project("{00D1A9C2-B5F0-4AF3-8072-F6C62B433612}") = "CoresTesting.Database", "Cores\Settings.Api\Database\CoresTesting.Database.sqlproj", "{3C16BBFB-831A-4631-A2E1-C528755BF6CA}"
EndProject
Project("{9A19103F-16F7-4668-BE54-9A1E7A4F7556}") = "CoresTesting.Settings.Api", "Cores\Settings.Api\Api\CoresTesting.Settings.Api.csproj", "{5C168E6B-5FAD-4283-9C39-174EE5768AC4}"
EndProject
Project("{9A19103F-16F7-4668-BE54-9A1E7A4F7556}") = "ControlPisoMX.Utils", "Cores\Shared\Utils\ControlPisoMX.Utils.csproj", "{C7EF5424-9A1F-4115-8315-684A2D21E8B5}"
EndProject
Project("{9A19103F-16F7-4668-BE54-9A1E7A4F7556}") = "ControlPisoMX.Utils.Http", "Cores\Shared\Http\ControlPisoMX.Utils.Http.csproj", "{42324509-A92E-4680-89AE-E10CC142906B}"
EndProject
Project("{9A19103F-16F7-4668-BE54-9A1E7A4F7556}") = "Cores.Testing.Residential.Shared", "Cores\Cores.Testing.Residential.Shared\Cores.Testing.Residential.Shared.csproj", "{8EE1CBCD-8CDB-4571-8377-E680C42C658A}"
EndProject
Project("{9A19103F-16F7-4668-BE54-9A1E7A4F7556}") = "Cores.Api.Gateway.Industrial.Client", "Cores\Cores.Testing.Industrial.Api.Gateway.Client\Cores.Api.Gateway.Industrial.Client.csproj", "{3625B536-CADB-44E9-AA26-9F1D14A630B4}"
EndProject
Project("{9A19103F-16F7-4668-BE54-9A1E7A4F7556}") = "Cores.Api.Gateway.Residential.Client", "Cores\Cores.Testing.Residential.Api.Gateway.Client\Cores.Api.Gateway.Residential.Client.csproj", "{088DD5B1-1F7E-46E8-BD73-89A47C6E73A6}"
EndProject
Project("{9A19103F-16F7-4668-BE54-9A1E7A4F7556}") = "Cores.Testing.Residential.Forms", "Cores\Cores.Testing.Residential.Forms\Cores.Testing.Residential.Forms.csproj", "{01AFFEAC-373A-4339-9F43-989E7E4C8A02}"
EndProject
Project("{2150E333-8FDC-42A3-9474-1A3956D46DE8}") = "3 - Store (Acomodador)", "3 - Store (Acomodador)", "{CC585A7E-D54C-4FE3-AFA1-6123439E95AC}"
EndProject
Project("{2150E333-8FDC-42A3-9474-1A3956D46DE8}") = "Industrial", "Industrial", "{53A23EC8-1123-42EA-BDD4-1134DC22AAAC}"
EndProject
Project("{2150E333-8FDC-42A3-9474-1A3956D46DE8}") = "Residential", "Residential", "{E18033B7-0A93-4945-BCFA-37C48B0865DB}"
EndProject
Project("{9A19103F-16F7-4668-BE54-9A1E7A4F7556}") = "Cores.Storing.Residential.Forms", "Cores\Cores.Store.Residential.Forms\Cores.Storing.Residential.Forms.csproj", "{819A98AB-0026-432A-82EF-98EFF0E8D3AE}"
EndProject
Project("{9A19103F-16F7-4668-BE54-9A1E7A4F7556}") = "Cores.Common", "Cores\Cores.Common\Cores.Common.csproj", "{673C4C79-4BDB-46CF-8AEB-2D4AF8423EA0}"
EndProject
Project("{9A19103F-16F7-4668-BE54-9A1E7A4F7556}") = "Cores.Supply.Residential.Forms", "Cores\Cores.Supply.Forms\Cores.Supply.Residential.Forms.csproj", "{645B934F-4EB4-476D-A5B8-0EC64F821B8E}"
EndProject
Project("{9A19103F-16F7-4668-BE54-9A1E7A4F7556}") = "Insulations.Forms.Shared", "Insulations\Shared\Insulations.Forms.Shared.csproj", "{0332C893-640E-4FB7-BE80-08A354BC37F3}"
EndProject
Project("{2150E333-8FDC-42A3-9474-1A3956D46DE8}") = "1 - Security", "1 - Security", "{486BA4AE-DB73-4E12-B62F-61CEEB036861}"
EndProject
Project("{9A19103F-16F7-4668-BE54-9A1E7A4F7556}") = "Utils.Forms", "Cores\Shared\Forms\Utils.Forms.csproj", "{702ED049-9A62-4DD7-AE08-BDF7AEAD5D88}"
EndProject
Project("{9A19103F-16F7-4668-BE54-9A1E7A4F7556}") = "Security.Forms", "Cores\Shared\Security.Forms\Security.Forms.csproj", "{1AC08ED0-7AFD-4B0A-912E-C68A28E12263}"
EndProject
Project("{9A19103F-16F7-4668-BE54-9A1E7A4F7556}") = "Clamps.Api.Gateway.Client", "Cores\Clamps.Api.Client\Clamps.Api.Gateway.Client.csproj", "{39245121-4E27-4D69-AAD0-1C2A42D07A72}"
EndProject
Project("{9A19103F-16F7-4668-BE54-9A1E7A4F7556}") = "Clamps.Forms", "Cores\Clamps.Forms\Clamps.Forms.csproj", "{5253B38F-9DF9-4E7F-A570-4EF21F37D05F}"
EndProject
Global
	GlobalSection(SolutionConfigurationPlatforms) = preSolution
		Debug|Any CPU = Debug|Any CPU
		Release|Any CPU = Release|Any CPU
	EndGlobalSection
	GlobalSection(ProjectConfigurationPlatforms) = postSolution
		{2D170B79-E60E-4192-9404-7EDD67893AEC}.Debug|Any CPU.ActiveCfg = Debug|Any CPU
		{2D170B79-E60E-4192-9404-7EDD67893AEC}.Debug|Any CPU.Build.0 = Debug|Any CPU
		{2D170B79-E60E-4192-9404-7EDD67893AEC}.Release|Any CPU.ActiveCfg = Release|Any CPU
		{2D170B79-E60E-4192-9404-7EDD67893AEC}.Release|Any CPU.Build.0 = Release|Any CPU
		{2AA2CE9C-37EA-42F6-AB64-52E80014AC70}.Debug|Any CPU.ActiveCfg = Debug|Any CPU
		{2AA2CE9C-37EA-42F6-AB64-52E80014AC70}.Debug|Any CPU.Build.0 = Debug|Any CPU
		{2AA2CE9C-37EA-42F6-AB64-52E80014AC70}.Release|Any CPU.ActiveCfg = Release|Any CPU
		{2AA2CE9C-37EA-42F6-AB64-52E80014AC70}.Release|Any CPU.Build.0 = Release|Any CPU
		{19D16A0F-6F01-426D-81C6-03A910C90B41}.Debug|Any CPU.ActiveCfg = Debug|Any CPU
		{19D16A0F-6F01-426D-81C6-03A910C90B41}.Debug|Any CPU.Build.0 = Debug|Any CPU
		{19D16A0F-6F01-426D-81C6-03A910C90B41}.Release|Any CPU.ActiveCfg = Release|Any CPU
		{19D16A0F-6F01-426D-81C6-03A910C90B41}.Release|Any CPU.Build.0 = Release|Any CPU
		{1BEED0E2-6373-4ED9-BA6F-1303048EF2A8}.Debug|Any CPU.ActiveCfg = Debug|Any CPU
		{1BEED0E2-6373-4ED9-BA6F-1303048EF2A8}.Debug|Any CPU.Build.0 = Debug|Any CPU
		{1BEED0E2-6373-4ED9-BA6F-1303048EF2A8}.Release|Any CPU.ActiveCfg = Release|Any CPU
		{1BEED0E2-6373-4ED9-BA6F-1303048EF2A8}.Release|Any CPU.Build.0 = Release|Any CPU
		{15101C67-0891-4AFF-96AE-2B62810B7279}.Debug|Any CPU.ActiveCfg = Debug|Any CPU
		{15101C67-0891-4AFF-96AE-2B62810B7279}.Debug|Any CPU.Build.0 = Debug|Any CPU
		{15101C67-0891-4AFF-96AE-2B62810B7279}.Release|Any CPU.ActiveCfg = Release|Any CPU
		{15101C67-0891-4AFF-96AE-2B62810B7279}.Release|Any CPU.Build.0 = Release|Any CPU
		{5706E4DA-C191-420A-928C-A8591CAB8820}.Debug|Any CPU.ActiveCfg = Debug|Any CPU
		{5706E4DA-C191-420A-928C-A8591CAB8820}.Debug|Any CPU.Build.0 = Debug|Any CPU
		{5706E4DA-C191-420A-928C-A8591CAB8820}.Release|Any CPU.ActiveCfg = Release|Any CPU
		{5706E4DA-C191-420A-928C-A8591CAB8820}.Release|Any CPU.Build.0 = Release|Any CPU
		{AC0191C4-2CA9-4429-BF75-7C713C7762A7}.Debug|Any CPU.ActiveCfg = Debug|Any CPU
		{AC0191C4-2CA9-4429-BF75-7C713C7762A7}.Debug|Any CPU.Build.0 = Debug|Any CPU
		{AC0191C4-2CA9-4429-BF75-7C713C7762A7}.Release|Any CPU.ActiveCfg = Release|Any CPU
		{AC0191C4-2CA9-4429-BF75-7C713C7762A7}.Release|Any CPU.Build.0 = Release|Any CPU
		{AEBA5FF0-FAB6-4D46-928B-96B7CEAD61BB}.Debug|Any CPU.ActiveCfg = Debug|Any CPU
		{AEBA5FF0-FAB6-4D46-928B-96B7CEAD61BB}.Debug|Any CPU.Build.0 = Debug|Any CPU
		{AEBA5FF0-FAB6-4D46-928B-96B7CEAD61BB}.Release|Any CPU.ActiveCfg = Release|Any CPU
		{AEBA5FF0-FAB6-4D46-928B-96B7CEAD61BB}.Release|Any CPU.Build.0 = Release|Any CPU
		{C9D57CD0-237F-4551-B1D0-31F0559B7167}.Debug|Any CPU.ActiveCfg = Debug|Any CPU
		{C9D57CD0-237F-4551-B1D0-31F0559B7167}.Debug|Any CPU.Build.0 = Debug|Any CPU
		{C9D57CD0-237F-4551-B1D0-31F0559B7167}.Release|Any CPU.ActiveCfg = Release|Any CPU
		{C9D57CD0-237F-4551-B1D0-31F0559B7167}.Release|Any CPU.Build.0 = Release|Any CPU
		{5AEE383C-E622-417C-B8E7-B5798A86D00F}.Debug|Any CPU.ActiveCfg = Debug|Any CPU
		{5AEE383C-E622-417C-B8E7-B5798A86D00F}.Debug|Any CPU.Build.0 = Debug|Any CPU
		{5AEE383C-E622-417C-B8E7-B5798A86D00F}.Release|Any CPU.ActiveCfg = Release|Any CPU
		{5AEE383C-E622-417C-B8E7-B5798A86D00F}.Release|Any CPU.Build.0 = Release|Any CPU
		{3C16BBFB-831A-4631-A2E1-C528755BF6CA}.Debug|Any CPU.ActiveCfg = Debug|Any CPU
		{3C16BBFB-831A-4631-A2E1-C528755BF6CA}.Debug|Any CPU.Build.0 = Debug|Any CPU
		{3C16BBFB-831A-4631-A2E1-C528755BF6CA}.Debug|Any CPU.Deploy.0 = Debug|Any CPU
		{3C16BBFB-831A-4631-A2E1-C528755BF6CA}.Release|Any CPU.ActiveCfg = Release|Any CPU
		{3C16BBFB-831A-4631-A2E1-C528755BF6CA}.Release|Any CPU.Build.0 = Release|Any CPU
		{3C16BBFB-831A-4631-A2E1-C528755BF6CA}.Release|Any CPU.Deploy.0 = Release|Any CPU
		{5C168E6B-5FAD-4283-9C39-174EE5768AC4}.Debug|Any CPU.ActiveCfg = Debug|Any CPU
		{5C168E6B-5FAD-4283-9C39-174EE5768AC4}.Debug|Any CPU.Build.0 = Debug|Any CPU
		{5C168E6B-5FAD-4283-9C39-174EE5768AC4}.Release|Any CPU.ActiveCfg = Release|Any CPU
		{5C168E6B-5FAD-4283-9C39-174EE5768AC4}.Release|Any CPU.Build.0 = Release|Any CPU
		{C7EF5424-9A1F-4115-8315-684A2D21E8B5}.Debug|Any CPU.ActiveCfg = Debug|Any CPU
		{C7EF5424-9A1F-4115-8315-684A2D21E8B5}.Debug|Any CPU.Build.0 = Debug|Any CPU
		{C7EF5424-9A1F-4115-8315-684A2D21E8B5}.Release|Any CPU.ActiveCfg = Release|Any CPU
		{C7EF5424-9A1F-4115-8315-684A2D21E8B5}.Release|Any CPU.Build.0 = Release|Any CPU
		{42324509-A92E-4680-89AE-E10CC142906B}.Debug|Any CPU.ActiveCfg = Debug|Any CPU
		{42324509-A92E-4680-89AE-E10CC142906B}.Debug|Any CPU.Build.0 = Debug|Any CPU
		{42324509-A92E-4680-89AE-E10CC142906B}.Release|Any CPU.ActiveCfg = Release|Any CPU
		{42324509-A92E-4680-89AE-E10CC142906B}.Release|Any CPU.Build.0 = Release|Any CPU
		{8EE1CBCD-8CDB-4571-8377-E680C42C658A}.Debug|Any CPU.ActiveCfg = Debug|Any CPU
		{8EE1CBCD-8CDB-4571-8377-E680C42C658A}.Debug|Any CPU.Build.0 = Debug|Any CPU
		{8EE1CBCD-8CDB-4571-8377-E680C42C658A}.Release|Any CPU.ActiveCfg = Release|Any CPU
		{8EE1CBCD-8CDB-4571-8377-E680C42C658A}.Release|Any CPU.Build.0 = Release|Any CPU
		{3625B536-CADB-44E9-AA26-9F1D14A630B4}.Debug|Any CPU.ActiveCfg = Debug|Any CPU
		{3625B536-CADB-44E9-AA26-9F1D14A630B4}.Debug|Any CPU.Build.0 = Debug|Any CPU
		{3625B536-CADB-44E9-AA26-9F1D14A630B4}.Release|Any CPU.ActiveCfg = Release|Any CPU
		{3625B536-CADB-44E9-AA26-9F1D14A630B4}.Release|Any CPU.Build.0 = Release|Any CPU
		{088DD5B1-1F7E-46E8-BD73-89A47C6E73A6}.Debug|Any CPU.ActiveCfg = Debug|Any CPU
		{088DD5B1-1F7E-46E8-BD73-89A47C6E73A6}.Debug|Any CPU.Build.0 = Debug|Any CPU
		{088DD5B1-1F7E-46E8-BD73-89A47C6E73A6}.Release|Any CPU.ActiveCfg = Release|Any CPU
		{088DD5B1-1F7E-46E8-BD73-89A47C6E73A6}.Release|Any CPU.Build.0 = Release|Any CPU
		{01AFFEAC-373A-4339-9F43-989E7E4C8A02}.Debug|Any CPU.ActiveCfg = Debug|Any CPU
		{01AFFEAC-373A-4339-9F43-989E7E4C8A02}.Debug|Any CPU.Build.0 = Debug|Any CPU
		{01AFFEAC-373A-4339-9F43-989E7E4C8A02}.Release|Any CPU.ActiveCfg = Release|Any CPU
		{01AFFEAC-373A-4339-9F43-989E7E4C8A02}.Release|Any CPU.Build.0 = Release|Any CPU
		{819A98AB-0026-432A-82EF-98EFF0E8D3AE}.Debug|Any CPU.ActiveCfg = Debug|Any CPU
		{819A98AB-0026-432A-82EF-98EFF0E8D3AE}.Debug|Any CPU.Build.0 = Debug|Any CPU
		{819A98AB-0026-432A-82EF-98EFF0E8D3AE}.Release|Any CPU.ActiveCfg = Release|Any CPU
		{819A98AB-0026-432A-82EF-98EFF0E8D3AE}.Release|Any CPU.Build.0 = Release|Any CPU
		{673C4C79-4BDB-46CF-8AEB-2D4AF8423EA0}.Debug|Any CPU.ActiveCfg = Debug|Any CPU
		{673C4C79-4BDB-46CF-8AEB-2D4AF8423EA0}.Debug|Any CPU.Build.0 = Debug|Any CPU
		{673C4C79-4BDB-46CF-8AEB-2D4AF8423EA0}.Release|Any CPU.ActiveCfg = Release|Any CPU
		{673C4C79-4BDB-46CF-8AEB-2D4AF8423EA0}.Release|Any CPU.Build.0 = Release|Any CPU
		{645B934F-4EB4-476D-A5B8-0EC64F821B8E}.Debug|Any CPU.ActiveCfg = Debug|Any CPU
		{645B934F-4EB4-476D-A5B8-0EC64F821B8E}.Debug|Any CPU.Build.0 = Debug|Any CPU
		{645B934F-4EB4-476D-A5B8-0EC64F821B8E}.Release|Any CPU.ActiveCfg = Release|Any CPU
		{645B934F-4EB4-476D-A5B8-0EC64F821B8E}.Release|Any CPU.Build.0 = Release|Any CPU
		{0332C893-640E-4FB7-BE80-08A354BC37F3}.Debug|Any CPU.ActiveCfg = Debug|Any CPU
		{0332C893-640E-4FB7-BE80-08A354BC37F3}.Debug|Any CPU.Build.0 = Debug|Any CPU
		{0332C893-640E-4FB7-BE80-08A354BC37F3}.Release|Any CPU.ActiveCfg = Release|Any CPU
		{0332C893-640E-4FB7-BE80-08A354BC37F3}.Release|Any CPU.Build.0 = Release|Any CPU
		{702ED049-9A62-4DD7-AE08-BDF7AEAD5D88}.Debug|Any CPU.ActiveCfg = Debug|Any CPU
		{702ED049-9A62-4DD7-AE08-BDF7AEAD5D88}.Debug|Any CPU.Build.0 = Debug|Any CPU
		{702ED049-9A62-4DD7-AE08-BDF7AEAD5D88}.Release|Any CPU.ActiveCfg = Release|Any CPU
		{702ED049-9A62-4DD7-AE08-BDF7AEAD5D88}.Release|Any CPU.Build.0 = Release|Any CPU
		{1AC08ED0-7AFD-4B0A-912E-C68A28E12263}.Debug|Any CPU.ActiveCfg = Debug|Any CPU
		{1AC08ED0-7AFD-4B0A-912E-C68A28E12263}.Debug|Any CPU.Build.0 = Debug|Any CPU
		{1AC08ED0-7AFD-4B0A-912E-C68A28E12263}.Release|Any CPU.ActiveCfg = Release|Any CPU
		{1AC08ED0-7AFD-4B0A-912E-C68A28E12263}.Release|Any CPU.Build.0 = Release|Any CPU
		{39245121-4E27-4D69-AAD0-1C2A42D07A72}.Debug|Any CPU.ActiveCfg = Debug|Any CPU
		{39245121-4E27-4D69-AAD0-1C2A42D07A72}.Debug|Any CPU.Build.0 = Debug|Any CPU
		{39245121-4E27-4D69-AAD0-1C2A42D07A72}.Release|Any CPU.ActiveCfg = Release|Any CPU
		{39245121-4E27-4D69-AAD0-1C2A42D07A72}.Release|Any CPU.Build.0 = Release|Any CPU
		{5253B38F-9DF9-4E7F-A570-4EF21F37D05F}.Debug|Any CPU.ActiveCfg = Debug|Any CPU
		{5253B38F-9DF9-4E7F-A570-4EF21F37D05F}.Debug|Any CPU.Build.0 = Debug|Any CPU
		{5253B38F-9DF9-4E7F-A570-4EF21F37D05F}.Release|Any CPU.ActiveCfg = Release|Any CPU
		{5253B38F-9DF9-4E7F-A570-4EF21F37D05F}.Release|Any CPU.Build.0 = Release|Any CPU
	EndGlobalSection
	GlobalSection(SolutionProperties) = preSolution
		HideSolutionNode = FALSE
	EndGlobalSection
	GlobalSection(NestedProjects) = preSolution
		{34A37C67-A335-450A-8231-071A48799905} = {C6029A1F-C820-45ED-B4E1-59B8808258D7}
		{3EAB6F7E-851D-4D41-BC4A-D810CD7CCB0F} = {22496F7D-7974-4B9B-8647-1CFB37C22D59}
		{2D170B79-E60E-4192-9404-7EDD67893AEC} = {D7540880-594B-4AC3-93BA-2D6C87B2926F}
		{D7540880-594B-4AC3-93BA-2D6C87B2926F} = {3EAB6F7E-851D-4D41-BC4A-D810CD7CCB0F}
		{2AA2CE9C-37EA-42F6-AB64-52E80014AC70} = {D7540880-594B-4AC3-93BA-2D6C87B2926F}
		{19D16A0F-6F01-426D-81C6-03A910C90B41} = {D7540880-594B-4AC3-93BA-2D6C87B2926F}
		{1BEED0E2-6373-4ED9-BA6F-1303048EF2A8} = {3EAB6F7E-851D-4D41-BC4A-D810CD7CCB0F}
		{15101C67-0891-4AFF-96AE-2B62810B7279} = {3EAB6F7E-851D-4D41-BC4A-D810CD7CCB0F}
		{5706E4DA-C191-420A-928C-A8591CAB8820} = {D7540880-594B-4AC3-93BA-2D6C87B2926F}
		{AC0191C4-2CA9-4429-BF75-7C713C7762A7} = {D7540880-594B-4AC3-93BA-2D6C87B2926F}
		{AF4F0A3A-C4AD-4E80-85D4-5228AF89661D} = {C6029A1F-C820-45ED-B4E1-59B8808258D7}
		{8320DD14-DE98-40BC-8B43-A6F7761C091A} = {3744B81E-795B-40FD-B9FA-BE7B4C4ED32C}
		{C056B5D8-782B-437A-A733-578616BEC2AD} = {3744B81E-795B-40FD-B9FA-BE7B4C4ED32C}
		{3744B81E-795B-40FD-B9FA-BE7B4C4ED32C} = {C6029A1F-C820-45ED-B4E1-59B8808258D7}
		{7CF05A3C-2DA2-4102-8CC3-C267CEF483B0} = {C6029A1F-C820-45ED-B4E1-59B8808258D7}
		{AEBA5FF0-FAB6-4D46-928B-96B7CEAD61BB} = {3744B81E-795B-40FD-B9FA-BE7B4C4ED32C}
		{C9D57CD0-237F-4551-B1D0-31F0559B7167} = {53A23EC8-1123-42EA-BDD4-1134DC22AAAC}
		{5AEE383C-E622-417C-B8E7-B5798A86D00F} = {8320DD14-DE98-40BC-8B43-A6F7761C091A}
		{79C5DD39-59AF-4666-8A2E-E036D2D468BE} = {3744B81E-795B-40FD-B9FA-BE7B4C4ED32C}
		{3C16BBFB-831A-4631-A2E1-C528755BF6CA} = {79C5DD39-59AF-4666-8A2E-E036D2D468BE}
		{5C168E6B-5FAD-4283-9C39-174EE5768AC4} = {79C5DD39-59AF-4666-8A2E-E036D2D468BE}
		{C7EF5424-9A1F-4115-8315-684A2D21E8B5} = {34A37C67-A335-450A-8231-071A48799905}
		{42324509-A92E-4680-89AE-E10CC142906B} = {34A37C67-A335-450A-8231-071A48799905}
		{8EE1CBCD-8CDB-4571-8377-E680C42C658A} = {3744B81E-795B-40FD-B9FA-BE7B4C4ED32C}
		{3625B536-CADB-44E9-AA26-9F1D14A630B4} = {C6029A1F-C820-45ED-B4E1-59B8808258D7}
		{088DD5B1-1F7E-46E8-BD73-89A47C6E73A6} = {C6029A1F-C820-45ED-B4E1-59B8808258D7}
		{01AFFEAC-373A-4339-9F43-989E7E4C8A02} = {C056B5D8-782B-437A-A733-578616BEC2AD}
		{CC585A7E-D54C-4FE3-AFA1-6123439E95AC} = {C6029A1F-C820-45ED-B4E1-59B8808258D7}
		{53A23EC8-1123-42EA-BDD4-1134DC22AAAC} = {CC585A7E-D54C-4FE3-AFA1-6123439E95AC}
		{E18033B7-0A93-4945-BCFA-37C48B0865DB} = {CC585A7E-D54C-4FE3-AFA1-6123439E95AC}
		{819A98AB-0026-432A-82EF-98EFF0E8D3AE} = {E18033B7-0A93-4945-BCFA-37C48B0865DB}
		{673C4C79-4BDB-46CF-8AEB-2D4AF8423EA0} = {C6029A1F-C820-45ED-B4E1-59B8808258D7}
		{645B934F-4EB4-476D-A5B8-0EC64F821B8E} = {7CF05A3C-2DA2-4102-8CC3-C267CEF483B0}
		{0332C893-640E-4FB7-BE80-08A354BC37F3} = {7CF05A3C-2DA2-4102-8CC3-C267CEF483B0}
		{486BA4AE-DB73-4E12-B62F-61CEEB036861} = {C6029A1F-C820-45ED-B4E1-59B8808258D7}
		{702ED049-9A62-4DD7-AE08-BDF7AEAD5D88} = {34A37C67-A335-450A-8231-071A48799905}
		{1AC08ED0-7AFD-4B0A-912E-C68A28E12263} = {486BA4AE-DB73-4E12-B62F-61CEEB036861}
		{39245121-4E27-4D69-AAD0-1C2A42D07A72} = {AF4F0A3A-C4AD-4E80-85D4-5228AF89661D}
		{5253B38F-9DF9-4E7F-A570-4EF21F37D05F} = {AF4F0A3A-C4AD-4E80-85D4-5228AF89661D}
	EndGlobalSection
	GlobalSection(ExtensibilityGlobals) = postSolution
		SolutionGuid = {E3699644-D089-462E-A156-51B3359E536F}
	EndGlobalSection
EndGlobal
